
Microsoft Visual Studio Solution File, Format Version 12.00
# Visual Studio 14
VisualStudioVersion = 14.0.23107.0
MinimumVisualStudioVersion = 10.0.40219.1
Project("{FAE04EC0-301F-11D3-BF4B-00C04F79EFBC}") = "TabbedAppXamarin", "TabbedAppXamarin\TabbedAppXamarin\TabbedAppXamarin.csproj", "{D970AD14-1861-4587-B5C2-7174B4B8A216}"
EndProject
Project("{FAE04EC0-301F-11D3-BF4B-00C04F79EFBC}") = "TabbedAppXamarin.iOS", "TabbedAppXamarin\TabbedAppXamarin.iOS\TabbedAppXamarin.iOS.csproj", "{09FE84DC-962A-499C-98CC-3864E384548D}"
EndProject
Project("{FAE04EC0-301F-11D3-BF4B-00C04F79EFBC}") = "TabbedAppXamarin.Droid", "TabbedAppXamarin\TabbedAppXamarin.Droid\TabbedAppXamarin.Droid.csproj", "{960DC533-7B7A-40DD-8B15-E4AC5B799D58}"
EndProject
Project("{FAE04EC0-301F-11D3-BF4B-00C04F79EFBC}") = "TabbedAppXamarin.WinPhone", "TabbedAppXamarin\TabbedAppXamarin.WinPhone\TabbedAppXamarin.WinPhone.csproj", "{0CFAADDF-2668-43D7-B2BB-B64AF60D1A2F}"
EndProject
Global
	GlobalSection(SolutionConfigurationPlatforms) = preSolution
		Ad-Hoc|Any CPU = Ad-Hoc|Any CPU
		Ad-Hoc|ARM = Ad-Hoc|ARM
		Ad-Hoc|iPhone = Ad-Hoc|iPhone
		Ad-Hoc|iPhoneSimulator = Ad-Hoc|iPhoneSimulator
		Ad-Hoc|x86 = Ad-Hoc|x86
		AppStore|Any CPU = AppStore|Any CPU
		AppStore|ARM = AppStore|ARM
		AppStore|iPhone = AppStore|iPhone
		AppStore|iPhoneSimulator = AppStore|iPhoneSimulator
		AppStore|x86 = AppStore|x86
		Debug|Any CPU = Debug|Any CPU
		Debug|ARM = Debug|ARM
		Debug|iPhone = Debug|iPhone
		Debug|iPhoneSimulator = Debug|iPhoneSimulator
		Debug|x86 = Debug|x86
		Release|Any CPU = Release|Any CPU
		Release|ARM = Release|ARM
		Release|iPhone = Release|iPhone
		Release|iPhoneSimulator = Release|iPhoneSimulator
		Release|x86 = Release|x86
	EndGlobalSection
	GlobalSection(ProjectConfigurationPlatforms) = postSolution
		{D970AD14-1861-4587-B5C2-7174B4B8A216}.Ad-Hoc|Any CPU.ActiveCfg = Release|Any CPU
		{D970AD14-1861-4587-B5C2-7174B4B8A216}.Ad-Hoc|Any CPU.Build.0 = Release|Any CPU
		{D970AD14-1861-4587-B5C2-7174B4B8A216}.Ad-Hoc|ARM.ActiveCfg = Release|Any CPU
		{D970AD14-1861-4587-B5C2-7174B4B8A216}.Ad-Hoc|ARM.Build.0 = Release|Any CPU
		{D970AD14-1861-4587-B5C2-7174B4B8A216}.Ad-Hoc|iPhone.ActiveCfg = Release|Any CPU
		{D970AD14-1861-4587-B5C2-7174B4B8A216}.Ad-Hoc|iPhone.Build.0 = Release|Any CPU
		{D970AD14-1861-4587-B5C2-7174B4B8A216}.Ad-Hoc|iPhoneSimulator.ActiveCfg = Release|Any CPU
		{D970AD14-1861-4587-B5C2-7174B4B8A216}.Ad-Hoc|iPhoneSimulator.Build.0 = Release|Any CPU
		{D970AD14-1861-4587-B5C2-7174B4B8A216}.Ad-Hoc|x86.ActiveCfg = Release|Any CPU
		{D970AD14-1861-4587-B5C2-7174B4B8A216}.Ad-Hoc|x86.Build.0 = Release|Any CPU
		{D970AD14-1861-4587-B5C2-7174B4B8A216}.AppStore|Any CPU.ActiveCfg = Release|Any CPU
		{D970AD14-1861-4587-B5C2-7174B4B8A216}.AppStore|Any CPU.Build.0 = Release|Any CPU
		{D970AD14-1861-4587-B5C2-7174B4B8A216}.AppStore|ARM.ActiveCfg = Release|Any CPU
		{D970AD14-1861-4587-B5C2-7174B4B8A216}.AppStore|ARM.Build.0 = Release|Any CPU
		{D970AD14-1861-4587-B5C2-7174B4B8A216}.AppStore|iPhone.ActiveCfg = Release|Any CPU
		{D970AD14-1861-4587-B5C2-7174B4B8A216}.AppStore|iPhone.Build.0 = Release|Any CPU
		{D970AD14-1861-4587-B5C2-7174B4B8A216}.AppStore|iPhoneSimulator.ActiveCfg = Release|Any CPU
		{D970AD14-1861-4587-B5C2-7174B4B8A216}.AppStore|iPhoneSimulator.Build.0 = Release|Any CPU
		{D970AD14-1861-4587-B5C2-7174B4B8A216}.AppStore|x86.ActiveCfg = Release|Any CPU
		{D970AD14-1861-4587-B5C2-7174B4B8A216}.AppStore|x86.Build.0 = Release|Any CPU
		{D970AD14-1861-4587-B5C2-7174B4B8A216}.Debug|Any CPU.ActiveCfg = Debug|Any CPU
		{D970AD14-1861-4587-B5C2-7174B4B8A216}.Debug|Any CPU.Build.0 = Debug|Any CPU
		{D970AD14-1861-4587-B5C2-7174B4B8A216}.Debug|ARM.ActiveCfg = Debug|Any CPU
		{D970AD14-1861-4587-B5C2-7174B4B8A216}.Debug|ARM.Build.0 = Debug|Any CPU
		{D970AD14-1861-4587-B5C2-7174B4B8A216}.Debug|iPhone.ActiveCfg = Debug|Any CPU
		{D970AD14-1861-4587-B5C2-7174B4B8A216}.Debug|iPhone.Build.0 = Debug|Any CPU
		{D970AD14-1861-4587-B5C2-7174B4B8A216}.Debug|iPhoneSimulator.ActiveCfg = Debug|Any CPU
		{D970AD14-1861-4587-B5C2-7174B4B8A216}.Debug|iPhoneSimulator.Build.0 = Debug|Any CPU
		{D970AD14-1861-4587-B5C2-7174B4B8A216}.Debug|x86.ActiveCfg = Debug|Any CPU
		{D970AD14-1861-4587-B5C2-7174B4B8A216}.Debug|x86.Build.0 = Debug|Any CPU
		{D970AD14-1861-4587-B5C2-7174B4B8A216}.Release|Any CPU.ActiveCfg = Release|Any CPU
		{D970AD14-1861-4587-B5C2-7174B4B8A216}.Release|Any CPU.Build.0 = Release|Any CPU
		{D970AD14-1861-4587-B5C2-7174B4B8A216}.Release|ARM.ActiveCfg = Release|Any CPU
		{D970AD14-1861-4587-B5C2-7174B4B8A216}.Release|ARM.Build.0 = Release|Any CPU
		{D970AD14-1861-4587-B5C2-7174B4B8A216}.Release|iPhone.ActiveCfg = Release|Any CPU
		{D970AD14-1861-4587-B5C2-7174B4B8A216}.Release|iPhone.Build.0 = Release|Any CPU
		{D970AD14-1861-4587-B5C2-7174B4B8A216}.Release|iPhoneSimulator.ActiveCfg = Release|Any CPU
		{D970AD14-1861-4587-B5C2-7174B4B8A216}.Release|iPhoneSimulator.Build.0 = Release|Any CPU
		{D970AD14-1861-4587-B5C2-7174B4B8A216}.Release|x86.ActiveCfg = Release|Any CPU
		{D970AD14-1861-4587-B5C2-7174B4B8A216}.Release|x86.Build.0 = Release|Any CPU
		{09FE84DC-962A-499C-98CC-3864E384548D}.Ad-Hoc|Any CPU.ActiveCfg = Ad-Hoc|iPhone
		{09FE84DC-962A-499C-98CC-3864E384548D}.Ad-Hoc|ARM.ActiveCfg = Ad-Hoc|iPhone
		{09FE84DC-962A-499C-98CC-3864E384548D}.Ad-Hoc|iPhone.ActiveCfg = Ad-Hoc|iPhone
		{09FE84DC-962A-499C-98CC-3864E384548D}.Ad-Hoc|iPhone.Build.0 = Ad-Hoc|iPhone
		{09FE84DC-962A-499C-98CC-3864E384548D}.Ad-Hoc|iPhoneSimulator.ActiveCfg = Ad-Hoc|iPhoneSimulator
		{09FE84DC-962A-499C-98CC-3864E384548D}.Ad-Hoc|iPhoneSimulator.Build.0 = Ad-Hoc|iPhoneSimulator
		{09FE84DC-962A-499C-98CC-3864E384548D}.Ad-Hoc|x86.ActiveCfg = Ad-Hoc|iPhone
		{09FE84DC-962A-499C-98CC-3864E384548D}.AppStore|Any CPU.ActiveCfg = AppStore|iPhone
		{09FE84DC-962A-499C-98CC-3864E384548D}.AppStore|ARM.ActiveCfg = AppStore|iPhone
		{09FE84DC-962A-499C-98CC-3864E384548D}.AppStore|iPhone.ActiveCfg = AppStore|iPhone
		{09FE84DC-962A-499C-98CC-3864E384548D}.AppStore|iPhone.Build.0 = AppStore|iPhone
		{09FE84DC-962A-499C-98CC-3864E384548D}.AppStore|iPhoneSimulator.ActiveCfg = AppStore|iPhoneSimulator
		{09FE84DC-962A-499C-98CC-3864E384548D}.AppStore|iPhoneSimulator.Build.0 = AppStore|iPhoneSimulator
		{09FE84DC-962A-499C-98CC-3864E384548D}.AppStore|x86.ActiveCfg = AppStore|iPhone
		{09FE84DC-962A-499C-98CC-3864E384548D}.Debug|Any CPU.ActiveCfg = Debug|iPhone
		{09FE84DC-962A-499C-98CC-3864E384548D}.Debug|ARM.ActiveCfg = Debug|iPhone
		{09FE84DC-962A-499C-98CC-3864E384548D}.Debug|iPhone.ActiveCfg = Debug|iPhone
		{09FE84DC-962A-499C-98CC-3864E384548D}.Debug|iPhone.Build.0 = Debug|iPhone
		{09FE84DC-962A-499C-98CC-3864E384548D}.Debug|iPhoneSimulator.ActiveCfg = Debug|iPhoneSimulator
		{09FE84DC-962A-499C-98CC-3864E384548D}.Debug|iPhoneSimulator.Build.0 = Debug|iPhoneSimulator
		{09FE84DC-962A-499C-98CC-3864E384548D}.Debug|x86.ActiveCfg = Debug|iPhone
		{09FE84DC-962A-499C-98CC-3864E384548D}.Release|Any CPU.ActiveCfg = Release|iPhone
		{09FE84DC-962A-499C-98CC-3864E384548D}.Release|ARM.ActiveCfg = Release|iPhone
		{09FE84DC-962A-499C-98CC-3864E384548D}.Release|iPhone.ActiveCfg = Release|iPhone
		{09FE84DC-962A-499C-98CC-3864E384548D}.Release|iPhone.Build.0 = Release|iPhone
		{09FE84DC-962A-499C-98CC-3864E384548D}.Release|iPhoneSimulator.ActiveCfg = Release|iPhoneSimulator
		{09FE84DC-962A-499C-98CC-3864E384548D}.Release|iPhoneSimulator.Build.0 = Release|iPhoneSimulator
		{09FE84DC-962A-499C-98CC-3864E384548D}.Release|x86.ActiveCfg = Release|iPhone
		{960DC533-7B7A-40DD-8B15-E4AC5B799D58}.Ad-Hoc|Any CPU.ActiveCfg = Release|Any CPU
		{960DC533-7B7A-40DD-8B15-E4AC5B799D58}.Ad-Hoc|Any CPU.Build.0 = Release|Any CPU
		{960DC533-7B7A-40DD-8B15-E4AC5B799D58}.Ad-Hoc|Any CPU.Deploy.0 = Release|Any CPU
		{960DC533-7B7A-40DD-8B15-E4AC5B799D58}.Ad-Hoc|ARM.ActiveCfg = Release|Any CPU
		{960DC533-7B7A-40DD-8B15-E4AC5B799D58}.Ad-Hoc|ARM.Build.0 = Release|Any CPU
		{960DC533-7B7A-40DD-8B15-E4AC5B799D58}.Ad-Hoc|ARM.Deploy.0 = Release|Any CPU
		{960DC533-7B7A-40DD-8B15-E4AC5B799D58}.Ad-Hoc|iPhone.ActiveCfg = Release|Any CPU
		{960DC533-7B7A-40DD-8B15-E4AC5B799D58}.Ad-Hoc|iPhone.Build.0 = Release|Any CPU
		{960DC533-7B7A-40DD-8B15-E4AC5B799D58}.Ad-Hoc|iPhone.Deploy.0 = Release|Any CPU
		{960DC533-7B7A-40DD-8B15-E4AC5B799D58}.Ad-Hoc|iPhoneSimulator.ActiveCfg = Release|Any CPU
		{960DC533-7B7A-40DD-8B15-E4AC5B799D58}.Ad-Hoc|iPhoneSimulator.Build.0 = Release|Any CPU
		{960DC533-7B7A-40DD-8B15-E4AC5B799D58}.Ad-Hoc|iPhoneSimulator.Deploy.0 = Release|Any CPU
		{960DC533-7B7A-40DD-8B15-E4AC5B799D58}.Ad-Hoc|x86.ActiveCfg = Release|Any CPU
		{960DC533-7B7A-40DD-8B15-E4AC5B799D58}.Ad-Hoc|x86.Build.0 = Release|Any CPU
		{960DC533-7B7A-40DD-8B15-E4AC5B799D58}.Ad-Hoc|x86.Deploy.0 = Release|Any CPU
		{960DC533-7B7A-40DD-8B15-E4AC5B799D58}.AppStore|Any CPU.ActiveCfg = Release|Any CPU
		{960DC533-7B7A-40DD-8B15-E4AC5B799D58}.AppStore|Any CPU.Build.0 = Release|Any CPU
		{960DC533-7B7A-40DD-8B15-E4AC5B799D58}.AppStore|Any CPU.Deploy.0 = Release|Any CPU
		{960DC533-7B7A-40DD-8B15-E4AC5B799D58}.AppStore|ARM.ActiveCfg = Release|Any CPU
		{960DC533-7B7A-40DD-8B15-E4AC5B799D58}.AppStore|ARM.Build.0 = Release|Any CPU
		{960DC533-7B7A-40DD-8B15-E4AC5B799D58}.AppStore|ARM.Deploy.0 = Release|Any CPU
		{960DC533-7B7A-40DD-8B15-E4AC5B799D58}.AppStore|iPhone.ActiveCfg = Release|Any CPU
		{960DC533-7B7A-40DD-8B15-E4AC5B799D58}.AppStore|iPhone.Build.0 = Release|Any CPU
		{960DC533-7B7A-40DD-8B15-E4AC5B799D58}.AppStore|iPhone.Deploy.0 = Release|Any CPU
		{960DC533-7B7A-40DD-8B15-E4AC5B799D58}.AppStore|iPhoneSimulator.ActiveCfg = Release|Any CPU
		{960DC533-7B7A-40DD-8B15-E4AC5B799D58}.AppStore|iPhoneSimulator.Build.0 = Release|Any CPU
		{960DC533-7B7A-40DD-8B15-E4AC5B799D58}.AppStore|iPhoneSimulator.Deploy.0 = Release|Any CPU
		{960DC533-7B7A-40DD-8B15-E4AC5B799D58}.AppStore|x86.ActiveCfg = Release|Any CPU
		{960DC533-7B7A-40DD-8B15-E4AC5B799D58}.AppStore|x86.Build.0 = Release|Any CPU
		{960DC533-7B7A-40DD-8B15-E4AC5B799D58}.AppStore|x86.Deploy.0 = Release|Any CPU
		{960DC533-7B7A-40DD-8B15-E4AC5B799D58}.Debug|Any CPU.ActiveCfg = Debug|Any CPU
		{960DC533-7B7A-40DD-8B15-E4AC5B799D58}.Debug|Any CPU.Build.0 = Debug|Any CPU
		{960DC533-7B7A-40DD-8B15-E4AC5B799D58}.Debug|Any CPU.Deploy.0 = Debug|Any CPU
		{960DC533-7B7A-40DD-8B15-E4AC5B799D58}.Debug|ARM.ActiveCfg = Debug|Any CPU
		{960DC533-7B7A-40DD-8B15-E4AC5B799D58}.Debug|ARM.Build.0 = Debug|Any CPU
		{960DC533-7B7A-40DD-8B15-E4AC5B799D58}.Debug|ARM.Deploy.0 = Debug|Any CPU
		{960DC533-7B7A-40DD-8B15-E4AC5B799D58}.Debug|iPhone.ActiveCfg = Debug|Any CPU
		{960DC533-7B7A-40DD-8B15-E4AC5B799D58}.Debug|iPhone.Build.0 = Debug|Any CPU
		{960DC533-7B7A-40DD-8B15-E4AC5B799D58}.Debug|iPhone.Deploy.0 = Debug|Any CPU
		{960DC533-7B7A-40DD-8B15-E4AC5B799D58}.Debug|iPhoneSimulator.ActiveCfg = Debug|Any CPU
		{960DC533-7B7A-40DD-8B15-E4AC5B799D58}.Debug|x86.ActiveCfg = Debug|Any CPU
		{960DC533-7B7A-40DD-8B15-E4AC5B799D58}.Debug|x86.Build.0 = Debug|Any CPU
		{960DC533-7B7A-40DD-8B15-E4AC5B799D58}.Debug|x86.Deploy.0 = Debug|Any CPU
		{960DC533-7B7A-40DD-8B15-E4AC5B799D58}.Release|Any CPU.ActiveCfg = Release|Any CPU
		{960DC533-7B7A-40DD-8B15-E4AC5B799D58}.Release|Any CPU.Build.0 = Release|Any CPU
		{960DC533-7B7A-40DD-8B15-E4AC5B799D58}.Release|Any CPU.Deploy.0 = Release|Any CPU
		{960DC533-7B7A-40DD-8B15-E4AC5B799D58}.Release|ARM.ActiveCfg = Release|Any CPU
		{960DC533-7B7A-40DD-8B15-E4AC5B799D58}.Release|ARM.Build.0 = Release|Any CPU
		{960DC533-7B7A-40DD-8B15-E4AC5B799D58}.Release|ARM.Deploy.0 = Release|Any CPU
		{960DC533-7B7A-40DD-8B15-E4AC5B799D58}.Release|iPhone.ActiveCfg = Release|Any CPU
		{960DC533-7B7A-40DD-8B15-E4AC5B799D58}.Release|iPhone.Build.0 = Release|Any CPU
		{960DC533-7B7A-40DD-8B15-E4AC5B799D58}.Release|iPhone.Deploy.0 = Release|Any CPU
		{960DC533-7B7A-40DD-8B15-E4AC5B799D58}.Release|iPhoneSimulator.ActiveCfg = Release|Any CPU
		{960DC533-7B7A-40DD-8B15-E4AC5B799D58}.Release|iPhoneSimulator.Build.0 = Release|Any CPU
		{960DC533-7B7A-40DD-8B15-E4AC5B799D58}.Release|iPhoneSimulator.Deploy.0 = Release|Any CPU
		{960DC533-7B7A-40DD-8B15-E4AC5B799D58}.Release|x86.ActiveCfg = Release|Any CPU
		{960DC533-7B7A-40DD-8B15-E4AC5B799D58}.Release|x86.Build.0 = Release|Any CPU
		{960DC533-7B7A-40DD-8B15-E4AC5B799D58}.Release|x86.Deploy.0 = Release|Any CPU
		{0CFAADDF-2668-43D7-B2BB-B64AF60D1A2F}.Ad-Hoc|Any CPU.ActiveCfg = Release|Any CPU
		{0CFAADDF-2668-43D7-B2BB-B64AF60D1A2F}.Ad-Hoc|Any CPU.Build.0 = Release|Any CPU
		{0CFAADDF-2668-43D7-B2BB-B64AF60D1A2F}.Ad-Hoc|Any CPU.Deploy.0 = Release|Any CPU
		{0CFAADDF-2668-43D7-B2BB-B64AF60D1A2F}.Ad-Hoc|ARM.ActiveCfg = Release|ARM
		{0CFAADDF-2668-43D7-B2BB-B64AF60D1A2F}.Ad-Hoc|ARM.Build.0 = Release|ARM
		{0CFAADDF-2668-43D7-B2BB-B64AF60D1A2F}.Ad-Hoc|ARM.Deploy.0 = Release|ARM
		{0CFAADDF-2668-43D7-B2BB-B64AF60D1A2F}.Ad-Hoc|iPhone.ActiveCfg = Release|Any CPU
		{0CFAADDF-2668-43D7-B2BB-B64AF60D1A2F}.Ad-Hoc|iPhone.Build.0 = Release|Any CPU
		{0CFAADDF-2668-43D7-B2BB-B64AF60D1A2F}.Ad-Hoc|iPhone.Deploy.0 = Release|Any CPU
		{0CFAADDF-2668-43D7-B2BB-B64AF60D1A2F}.Ad-Hoc|iPhoneSimulator.ActiveCfg = Release|Any CPU
		{0CFAADDF-2668-43D7-B2BB-B64AF60D1A2F}.Ad-Hoc|iPhoneSimulator.Build.0 = Release|Any CPU
		{0CFAADDF-2668-43D7-B2BB-B64AF60D1A2F}.Ad-Hoc|iPhoneSimulator.Deploy.0 = Release|Any CPU
		{0CFAADDF-2668-43D7-B2BB-B64AF60D1A2F}.Ad-Hoc|x86.ActiveCfg = Release|x86
		{0CFAADDF-2668-43D7-B2BB-B64AF60D1A2F}.Ad-Hoc|x86.Build.0 = Release|x86
		{0CFAADDF-2668-43D7-B2BB-B64AF60D1A2F}.Ad-Hoc|x86.Deploy.0 = Release|x86
		{0CFAADDF-2668-43D7-B2BB-B64AF60D1A2F}.AppStore|Any CPU.ActiveCfg = Release|Any CPU
		{0CFAADDF-2668-43D7-B2BB-B64AF60D1A2F}.AppStore|Any CPU.Build.0 = Release|Any CPU
		{0CFAADDF-2668-43D7-B2BB-B64AF60D1A2F}.AppStore|Any CPU.Deploy.0 = Release|Any CPU
		{0CFAADDF-2668-43D7-B2BB-B64AF60D1A2F}.AppStore|ARM.ActiveCfg = Release|ARM
		{0CFAADDF-2668-43D7-B2BB-B64AF60D1A2F}.AppStore|ARM.Build.0 = Release|ARM
		{0CFAADDF-2668-43D7-B2BB-B64AF60D1A2F}.AppStore|ARM.Deploy.0 = Release|ARM
		{0CFAADDF-2668-43D7-B2BB-B64AF60D1A2F}.AppStore|iPhone.ActiveCfg = Release|Any CPU
		{0CFAADDF-2668-43D7-B2BB-B64AF60D1A2F}.AppStore|iPhone.Build.0 = Release|Any CPU
		{0CFAADDF-2668-43D7-B2BB-B64AF60D1A2F}.AppStore|iPhone.Deploy.0 = Release|Any CPU
		{0CFAADDF-2668-43D7-B2BB-B64AF60D1A2F}.AppStore|iPhoneSimulator.ActiveCfg = Release|Any CPU
		{0CFAADDF-2668-43D7-B2BB-B64AF60D1A2F}.AppStore|iPhoneSimulator.Build.0 = Release|Any CPU
		{0CFAADDF-2668-43D7-B2BB-B64AF60D1A2F}.AppStore|iPhoneSimulator.Deploy.0 = Release|Any CPU
		{0CFAADDF-2668-43D7-B2BB-B64AF60D1A2F}.AppStore|x86.ActiveCfg = Release|x86
		{0CFAADDF-2668-43D7-B2BB-B64AF60D1A2F}.AppStore|x86.Build.0 = Release|x86
		{0CFAADDF-2668-43D7-B2BB-B64AF60D1A2F}.AppStore|x86.Deploy.0 = Release|x86
		{0CFAADDF-2668-43D7-B2BB-B64AF60D1A2F}.Debug|Any CPU.ActiveCfg = Debug|Any CPU
		{0CFAADDF-2668-43D7-B2BB-B64AF60D1A2F}.Debug|Any CPU.Build.0 = Debug|Any CPU
		{0CFAADDF-2668-43D7-B2BB-B64AF60D1A2F}.Debug|Any CPU.Deploy.0 = Debug|Any CPU
		{0CFAADDF-2668-43D7-B2BB-B64AF60D1A2F}.Debug|ARM.ActiveCfg = Debug|ARM
		{0CFAADDF-2668-43D7-B2BB-B64AF60D1A2F}.Debug|ARM.Build.0 = Debug|ARM
		{0CFAADDF-2668-43D7-B2BB-B64AF60D1A2F}.Debug|ARM.Deploy.0 = Debug|ARM
		{0CFAADDF-2668-43D7-B2BB-B64AF60D1A2F}.Debug|iPhone.ActiveCfg = Debug|Any CPU
		{0CFAADDF-2668-43D7-B2BB-B64AF60D1A2F}.Debug|iPhone.Build.0 = Debug|Any CPU
		{0CFAADDF-2668-43D7-B2BB-B64AF60D1A2F}.Debug|iPhone.Deploy.0 = Debug|Any CPU
		{0CFAADDF-2668-43D7-B2BB-B64AF60D1A2F}.Debug|iPhoneSimulator.ActiveCfg = Debug|Any CPU
		{0CFAADDF-2668-43D7-B2BB-B64AF60D1A2F}.Debug|x86.ActiveCfg = Debug|x86
		{0CFAADDF-2668-43D7-B2BB-B64AF60D1A2F}.Debug|x86.Build.0 = Debug|x86
		{0CFAADDF-2668-43D7-B2BB-B64AF60D1A2F}.Debug|x86.Deploy.0 = Debug|x86
		{0CFAADDF-2668-43D7-B2BB-B64AF60D1A2F}.Release|Any CPU.ActiveCfg = Release|Any CPU
		{0CFAADDF-2668-43D7-B2BB-B64AF60D1A2F}.Release|Any CPU.Build.0 = Release|Any CPU
		{0CFAADDF-2668-43D7-B2BB-B64AF60D1A2F}.Release|Any CPU.Deploy.0 = Release|Any CPU
		{0CFAADDF-2668-43D7-B2BB-B64AF60D1A2F}.Release|ARM.ActiveCfg = Release|ARM
		{0CFAADDF-2668-43D7-B2BB-B64AF60D1A2F}.Release|ARM.Build.0 = Release|ARM
		{0CFAADDF-2668-43D7-B2BB-B64AF60D1A2F}.Release|ARM.Deploy.0 = Release|ARM
		{0CFAADDF-2668-43D7-B2BB-B64AF60D1A2F}.Release|iPhone.ActiveCfg = Release|Any CPU
		{0CFAADDF-2668-43D7-B2BB-B64AF60D1A2F}.Release|iPhone.Build.0 = Release|Any CPU
		{0CFAADDF-2668-43D7-B2BB-B64AF60D1A2F}.Release|iPhone.Deploy.0 = Release|Any CPU
		{0CFAADDF-2668-43D7-B2BB-B64AF60D1A2F}.Release|iPhoneSimulator.ActiveCfg = Release|Any CPU
		{0CFAADDF-2668-43D7-B2BB-B64AF60D1A2F}.Release|iPhoneSimulator.Build.0 = Release|Any CPU
		{0CFAADDF-2668-43D7-B2BB-B64AF60D1A2F}.Release|iPhoneSimulator.Deploy.0 = Release|Any CPU
		{0CFAADDF-2668-43D7-B2BB-B64AF60D1A2F}.Release|x86.ActiveCfg = Release|x86
		{0CFAADDF-2668-43D7-B2BB-B64AF60D1A2F}.Release|x86.Build.0 = Release|x86
		{0CFAADDF-2668-43D7-B2BB-B64AF60D1A2F}.Release|x86.Deploy.0 = Release|x86
	EndGlobalSection
	GlobalSection(SolutionProperties) = preSolution
		HideSolutionNode = FALSE
	EndGlobalSection
EndGlobal
